
Microsoft Visual Studio Solution File, Format Version 12.00
# Visual Studio Version 17
VisualStudioVersion = 17.0.31903.59
MinimumVisualStudioVersion = 10.0.40219.1
Project("{FAE04EC0-301F-11D3-BF4B-00C04F79EFBC}") = "GestorInventario.Domain", "src\GestorInventario.Domain\GestorInventario.Domain.csproj", "{A1A84F41-9F4B-4B60-83FE-4D8A383D6D10}"
EndProject
Project("{FAE04EC0-301F-11D3-BF4B-00C04F79EFBC}") = "GestorInventario.Application", "src\GestorInventario.Application\GestorInventario.Application.csproj", "{B2B85E52-A05C-4C71-94AF-5E9B494E7E21}"
EndProject
Project("{FAE04EC0-301F-11D3-BF4B-00C04F79EFBC}") = "GestorInventario.Infrastructure", "src\GestorInventario.Infrastructure\GestorInventario.Infrastructure.csproj", "{C3C96F63-B16D-4D82-A5B0-6FAC5A5F8F32}"
EndProject
Project("{FAE04EC0-301F-11D3-BF4B-00C04F79EFBC}") = "GestorInventario.Api", "src\GestorInventario.Api\GestorInventario.Api.csproj", "{D4DA7074-C27E-4E93-B6C1-70BD6B609043}"
EndProject
Project("{2150E333-8FDC-42A3-9474-1A3956D46DE8}") = "tests", "tests", "{0AB3BF05-4346-4AA6-1389-037BE0695223}"
EndProject
Project("{FAE04EC0-301F-11D3-BF4B-00C04F79EFBC}") = "GestorInventario.Domain.Tests", "tests\GestorInventario.Domain.Tests\GestorInventario.Domain.Tests.csproj", "{682D0932-8645-4BA6-B7AE-70948A7383E5}"
EndProject
Project("{2150E333-8FDC-42A3-9474-1A3956D46DE8}") = "src", "src", "{827E0CD3-B72D-47B6-A68D-7590B98EB39B}"
EndProject
Project("{FAE04EC0-301F-11D3-BF4B-00C04F79EFBC}") = "GestorInventario.Application.Tests", "tests\GestorInventario.Application.Tests\GestorInventario.Application.Tests.csproj", "{BB81D8B7-AF1C-4E52-BA80-A22FB31C0004}"
EndProject
Project("{FAE04EC0-301F-11D3-BF4B-00C04F79EFBC}") = "GestorInventario.Api.Tests", "tests\GestorInventario.Api.Tests\GestorInventario.Api.Tests.csproj", "{DCD672D5-2700-4B6D-B0E1-6FA22A4CBB88}"
EndProject
Global
	GlobalSection(SolutionConfigurationPlatforms) = preSolution
		Debug|Any CPU = Debug|Any CPU
		Debug|x64 = Debug|x64
		Debug|x86 = Debug|x86
		Release|Any CPU = Release|Any CPU
		Release|x64 = Release|x64
		Release|x86 = Release|x86
	EndGlobalSection
	GlobalSection(ProjectConfigurationPlatforms) = postSolution
		{A1A84F41-9F4B-4B60-83FE-4D8A383D6D10}.Debug|Any CPU.ActiveCfg = Debug|Any CPU
		{A1A84F41-9F4B-4B60-83FE-4D8A383D6D10}.Debug|Any CPU.Build.0 = Debug|Any CPU
		{A1A84F41-9F4B-4B60-83FE-4D8A383D6D10}.Debug|x64.ActiveCfg = Debug|Any CPU
		{A1A84F41-9F4B-4B60-83FE-4D8A383D6D10}.Debug|x64.Build.0 = Debug|Any CPU
		{A1A84F41-9F4B-4B60-83FE-4D8A383D6D10}.Debug|x86.ActiveCfg = Debug|Any CPU
		{A1A84F41-9F4B-4B60-83FE-4D8A383D6D10}.Debug|x86.Build.0 = Debug|Any CPU
		{A1A84F41-9F4B-4B60-83FE-4D8A383D6D10}.Release|Any CPU.ActiveCfg = Release|Any CPU
		{A1A84F41-9F4B-4B60-83FE-4D8A383D6D10}.Release|Any CPU.Build.0 = Release|Any CPU
		{A1A84F41-9F4B-4B60-83FE-4D8A383D6D10}.Release|x64.ActiveCfg = Release|Any CPU
		{A1A84F41-9F4B-4B60-83FE-4D8A383D6D10}.Release|x64.Build.0 = Release|Any CPU
		{A1A84F41-9F4B-4B60-83FE-4D8A383D6D10}.Release|x86.ActiveCfg = Release|Any CPU
		{A1A84F41-9F4B-4B60-83FE-4D8A383D6D10}.Release|x86.Build.0 = Release|Any CPU
		{B2B85E52-A05C-4C71-94AF-5E9B494E7E21}.Debug|Any CPU.ActiveCfg = Debug|Any CPU
		{B2B85E52-A05C-4C71-94AF-5E9B494E7E21}.Debug|Any CPU.Build.0 = Debug|Any CPU
		{B2B85E52-A05C-4C71-94AF-5E9B494E7E21}.Debug|x64.ActiveCfg = Debug|Any CPU
		{B2B85E52-A05C-4C71-94AF-5E9B494E7E21}.Debug|x64.Build.0 = Debug|Any CPU
		{B2B85E52-A05C-4C71-94AF-5E9B494E7E21}.Debug|x86.ActiveCfg = Debug|Any CPU
		{B2B85E52-A05C-4C71-94AF-5E9B494E7E21}.Debug|x86.Build.0 = Debug|Any CPU
		{B2B85E52-A05C-4C71-94AF-5E9B494E7E21}.Release|Any CPU.ActiveCfg = Release|Any CPU
		{B2B85E52-A05C-4C71-94AF-5E9B494E7E21}.Release|Any CPU.Build.0 = Release|Any CPU
		{B2B85E52-A05C-4C71-94AF-5E9B494E7E21}.Release|x64.ActiveCfg = Release|Any CPU
		{B2B85E52-A05C-4C71-94AF-5E9B494E7E21}.Release|x64.Build.0 = Release|Any CPU
		{B2B85E52-A05C-4C71-94AF-5E9B494E7E21}.Release|x86.ActiveCfg = Release|Any CPU
		{B2B85E52-A05C-4C71-94AF-5E9B494E7E21}.Release|x86.Build.0 = Release|Any CPU
		{C3C96F63-B16D-4D82-A5B0-6FAC5A5F8F32}.Debug|Any CPU.ActiveCfg = Debug|Any CPU
		{C3C96F63-B16D-4D82-A5B0-6FAC5A5F8F32}.Debug|Any CPU.Build.0 = Debug|Any CPU
		{C3C96F63-B16D-4D82-A5B0-6FAC5A5F8F32}.Debug|x64.ActiveCfg = Debug|Any CPU
		{C3C96F63-B16D-4D82-A5B0-6FAC5A5F8F32}.Debug|x64.Build.0 = Debug|Any CPU
		{C3C96F63-B16D-4D82-A5B0-6FAC5A5F8F32}.Debug|x86.ActiveCfg = Debug|Any CPU
		{C3C96F63-B16D-4D82-A5B0-6FAC5A5F8F32}.Debug|x86.Build.0 = Debug|Any CPU
		{C3C96F63-B16D-4D82-A5B0-6FAC5A5F8F32}.Release|Any CPU.ActiveCfg = Release|Any CPU
		{C3C96F63-B16D-4D82-A5B0-6FAC5A5F8F32}.Release|Any CPU.Build.0 = Release|Any CPU
		{C3C96F63-B16D-4D82-A5B0-6FAC5A5F8F32}.Release|x64.ActiveCfg = Release|Any CPU
		{C3C96F63-B16D-4D82-A5B0-6FAC5A5F8F32}.Release|x64.Build.0 = Release|Any CPU
		{C3C96F63-B16D-4D82-A5B0-6FAC5A5F8F32}.Release|x86.ActiveCfg = Release|Any CPU
		{C3C96F63-B16D-4D82-A5B0-6FAC5A5F8F32}.Release|x86.Build.0 = Release|Any CPU
		{D4DA7074-C27E-4E93-B6C1-70BD6B609043}.Debug|Any CPU.ActiveCfg = Debug|Any CPU
		{D4DA7074-C27E-4E93-B6C1-70BD6B609043}.Debug|Any CPU.Build.0 = Debug|Any CPU
		{D4DA7074-C27E-4E93-B6C1-70BD6B609043}.Debug|x64.ActiveCfg = Debug|Any CPU
		{D4DA7074-C27E-4E93-B6C1-70BD6B609043}.Debug|x64.Build.0 = Debug|Any CPU
		{D4DA7074-C27E-4E93-B6C1-70BD6B609043}.Debug|x86.ActiveCfg = Debug|Any CPU
		{D4DA7074-C27E-4E93-B6C1-70BD6B609043}.Debug|x86.Build.0 = Debug|Any CPU
		{D4DA7074-C27E-4E93-B6C1-70BD6B609043}.Release|Any CPU.ActiveCfg = Release|Any CPU
		{D4DA7074-C27E-4E93-B6C1-70BD6B609043}.Release|Any CPU.Build.0 = Release|Any CPU
		{D4DA7074-C27E-4E93-B6C1-70BD6B609043}.Release|x64.ActiveCfg = Release|Any CPU
		{D4DA7074-C27E-4E93-B6C1-70BD6B609043}.Release|x64.Build.0 = Release|Any CPU
		{D4DA7074-C27E-4E93-B6C1-70BD6B609043}.Release|x86.ActiveCfg = Release|Any CPU
		{D4DA7074-C27E-4E93-B6C1-70BD6B609043}.Release|x86.Build.0 = Release|Any CPU
		{682D0932-8645-4BA6-B7AE-70948A7383E5}.Debug|Any CPU.ActiveCfg = Debug|Any CPU
		{682D0932-8645-4BA6-B7AE-70948A7383E5}.Debug|Any CPU.Build.0 = Debug|Any CPU
		{682D0932-8645-4BA6-B7AE-70948A7383E5}.Debug|x64.ActiveCfg = Debug|Any CPU
		{682D0932-8645-4BA6-B7AE-70948A7383E5}.Debug|x64.Build.0 = Debug|Any CPU
		{682D0932-8645-4BA6-B7AE-70948A7383E5}.Debug|x86.ActiveCfg = Debug|Any CPU
		{682D0932-8645-4BA6-B7AE-70948A7383E5}.Debug|x86.Build.0 = Debug|Any CPU
		{682D0932-8645-4BA6-B7AE-70948A7383E5}.Release|Any CPU.ActiveCfg = Release|Any CPU
		{682D0932-8645-4BA6-B7AE-70948A7383E5}.Release|Any CPU.Build.0 = Release|Any CPU
		{682D0932-8645-4BA6-B7AE-70948A7383E5}.Release|x64.ActiveCfg = Release|Any CPU
		{682D0932-8645-4BA6-B7AE-70948A7383E5}.Release|x64.Build.0 = Release|Any CPU
		{682D0932-8645-4BA6-B7AE-70948A7383E5}.Release|x86.ActiveCfg = Release|Any CPU
		{682D0932-8645-4BA6-B7AE-70948A7383E5}.Release|x86.Build.0 = Release|Any CPU
		{BB81D8B7-AF1C-4E52-BA80-A22FB31C0004}.Debug|Any CPU.ActiveCfg = Debug|Any CPU
		{BB81D8B7-AF1C-4E52-BA80-A22FB31C0004}.Debug|Any CPU.Build.0 = Debug|Any CPU
		{BB81D8B7-AF1C-4E52-BA80-A22FB31C0004}.Debug|x64.ActiveCfg = Debug|Any CPU
		{BB81D8B7-AF1C-4E52-BA80-A22FB31C0004}.Debug|x64.Build.0 = Debug|Any CPU
		{BB81D8B7-AF1C-4E52-BA80-A22FB31C0004}.Debug|x86.ActiveCfg = Debug|Any CPU
		{BB81D8B7-AF1C-4E52-BA80-A22FB31C0004}.Debug|x86.Build.0 = Debug|Any CPU
		{BB81D8B7-AF1C-4E52-BA80-A22FB31C0004}.Release|Any CPU.ActiveCfg = Release|Any CPU
		{BB81D8B7-AF1C-4E52-BA80-A22FB31C0004}.Release|Any CPU.Build.0 = Release|Any CPU
		{BB81D8B7-AF1C-4E52-BA80-A22FB31C0004}.Release|x64.ActiveCfg = Release|Any CPU
		{BB81D8B7-AF1C-4E52-BA80-A22FB31C0004}.Release|x64.Build.0 = Release|Any CPU
		{BB81D8B7-AF1C-4E52-BA80-A22FB31C0004}.Release|x86.ActiveCfg = Release|Any CPU
		{BB81D8B7-AF1C-4E52-BA80-A22FB31C0004}.Release|x86.Build.0 = Release|Any CPU
		{DCD672D5-2700-4B6D-B0E1-6FA22A4CBB88}.Debug|Any CPU.ActiveCfg = Debug|Any CPU
		{DCD672D5-2700-4B6D-B0E1-6FA22A4CBB88}.Debug|Any CPU.Build.0 = Debug|Any CPU
		{DCD672D5-2700-4B6D-B0E1-6FA22A4CBB88}.Debug|x64.ActiveCfg = Debug|Any CPU
		{DCD672D5-2700-4B6D-B0E1-6FA22A4CBB88}.Debug|x64.Build.0 = Debug|Any CPU
		{DCD672D5-2700-4B6D-B0E1-6FA22A4CBB88}.Debug|x86.ActiveCfg = Debug|Any CPU
		{DCD672D5-2700-4B6D-B0E1-6FA22A4CBB88}.Debug|x86.Build.0 = Debug|Any CPU
		{DCD672D5-2700-4B6D-B0E1-6FA22A4CBB88}.Release|Any CPU.ActiveCfg = Release|Any CPU
		{DCD672D5-2700-4B6D-B0E1-6FA22A4CBB88}.Release|Any CPU.Build.0 = Release|Any CPU
		{DCD672D5-2700-4B6D-B0E1-6FA22A4CBB88}.Release|x64.ActiveCfg = Release|Any CPU
		{DCD672D5-2700-4B6D-B0E1-6FA22A4CBB88}.Release|x64.Build.0 = Release|Any CPU
		{DCD672D5-2700-4B6D-B0E1-6FA22A4CBB88}.Release|x86.ActiveCfg = Release|Any CPU
		{DCD672D5-2700-4B6D-B0E1-6FA22A4CBB88}.Release|x86.Build.0 = Release|Any CPU
	EndGlobalSection
	GlobalSection(SolutionProperties) = preSolution
		HideSolutionNode = FALSE
	EndGlobalSection
	GlobalSection(NestedProjects) = preSolution
		{682D0932-8645-4BA6-B7AE-70948A7383E5} = {0AB3BF05-4346-4AA6-1389-037BE0695223}
		{BB81D8B7-AF1C-4E52-BA80-A22FB31C0004} = {0AB3BF05-4346-4AA6-1389-037BE0695223}
		{DCD672D5-2700-4B6D-B0E1-6FA22A4CBB88} = {0AB3BF05-4346-4AA6-1389-037BE0695223}
	EndGlobalSection
EndGlobal
